
Microsoft Visual Studio Solution File, Format Version 12.00
# Visual Studio Version 17
VisualStudioVersion = 17.0.31903.59
MinimumVisualStudioVersion = 10.0.40219.1
Project("{FAE04EC0-301F-11D3-BF4B-00C04F79EFBC}") = "AntiGravity.Enterprise.Shared.Core", "AntiGravity.Enterprise.Shared.Core\AntiGravity.Enterprise.Shared.Core.csproj", "{CBB2F969-F4CA-4DC7-A430-C615EEF1F1B5}"
EndProject
Project("{2150E333-8FDC-42A3-9474-1A3956D46DE8}") = "DNAQMSAPI", "DNAQMSAPI", "{0F4DFBF8-7888-4674-8EAD-18BC589836FF}"
EndProject
Project("{FAE04EC0-301F-11D3-BF4B-00C04F79EFBC}") = "DNAQMSAPI.Api", "DNAQMSAPI\DNAQMSAPI.Api\DNAQMSAPI.Api.csproj", "{9C8FE602-0D29-4D66-9E07-BAC2CEFB951C}"
EndProject
Project("{FAE04EC0-301F-11D3-BF4B-00C04F79EFBC}") = "DNAQMSAPI.Application", "DNAQMSAPI\DNAQMSAPI.Application\DNAQMSAPI.Application.csproj", "{5C34F272-7F88-4196-AC30-669EE74E7F72}"
EndProject
Project("{FAE04EC0-301F-11D3-BF4B-00C04F79EFBC}") = "DNAQMSAPI.Domain", "DNAQMSAPI\DNAQMSAPI.Domain\DNAQMSAPI.Domain.csproj", "{06C1830A-41FA-4F17-9854-C1BDE0A8FCEC}"
EndProject
Project("{FAE04EC0-301F-11D3-BF4B-00C04F79EFBC}") = "DNAQMSAPI.Infrastructure", "DNAQMSAPI\DNAQMSAPI.Infrastructure\DNAQMSAPI.Infrastructure.csproj", "{2DB4B10C-F6F5-4EC3-87A1-43DD5CDFFCDA}"
EndProject
Project("{FAE04EC0-301F-11D3-BF4B-00C04F79EFBC}") = "DNAQMSAPI.Payments", "DNAQMSAPI\DNAQMSAPI.Payments\DNAQMSAPI.Payments.csproj", "{94A1DE54-F062-4C36-B740-4465B618D133}"
EndProject
Project("{FAE04EC0-301F-11D3-BF4B-00C04F79EFBC}") = "DNAQMSAPI.Security", "DNAQMSAPI\DNAQMSAPI.Security\DNAQMSAPI.Security.csproj", "{6D37D362-73AF-49C1-B685-41EBF52A449B}"
EndProject
Project("{FAE04EC0-301F-11D3-BF4B-00C04F79EFBC}") = "DNAQMSAPI.Shared", "DNAQMSAPI\DNAQMSAPI.Shared\DNAQMSAPI.Shared.csproj", "{C58AEC1B-30B7-4F5F-94CB-C58458FC063F}"
EndProject
Project("{FAE04EC0-301F-11D3-BF4B-00C04F79EFBC}") = "DNAQMSAPI.Storage", "DNAQMSAPI\DNAQMSAPI.Storage\DNAQMSAPI.Storage.csproj", "{B865F804-001A-4582-BDED-F23FC683BAEC}"
EndProject

Global
	GlobalSection(SolutionConfigurationPlatforms) = preSolution
		Debug|Any CPU = Debug|Any CPU
		Release|Any CPU = Release|Any CPU
	EndGlobalSection
	GlobalSection(SolutionProperties) = preSolution
		HideSolutionNode = FALSE
	EndGlobalSection
	GlobalSection(ProjectConfigurationPlatforms) = postSolution
		{CBB2F969-F4CA-4DC7-A430-C615EEF1F1B5}.Debug|Any CPU.ActiveCfg = Debug|Any CPU
		{CBB2F969-F4CA-4DC7-A430-C615EEF1F1B5}.Debug|Any CPU.Build.0 = Debug|Any CPU
		{CBB2F969-F4CA-4DC7-A430-C615EEF1F1B5}.Release|Any CPU.ActiveCfg = Release|Any CPU
		{CBB2F969-F4CA-4DC7-A430-C615EEF1F1B5}.Release|Any CPU.Build.0 = Release|Any CPU
		{9C8FE602-0D29-4D66-9E07-BAC2CEFB951C}.Debug|Any CPU.ActiveCfg = Debug|Any CPU
		{9C8FE602-0D29-4D66-9E07-BAC2CEFB951C}.Debug|Any CPU.Build.0 = Debug|Any CPU
		{9C8FE602-0D29-4D66-9E07-BAC2CEFB951C}.Release|Any CPU.ActiveCfg = Release|Any CPU
		{9C8FE602-0D29-4D66-9E07-BAC2CEFB951C}.Release|Any CPU.Build.0 = Release|Any CPU
		{5C34F272-7F88-4196-AC30-669EE74E7F72}.Debug|Any CPU.ActiveCfg = Debug|Any CPU
		{5C34F272-7F88-4196-AC30-669EE74E7F72}.Debug|Any CPU.Build.0 = Debug|Any CPU
		{5C34F272-7F88-4196-AC30-669EE74E7F72}.Release|Any CPU.ActiveCfg = Release|Any CPU
		{5C34F272-7F88-4196-AC30-669EE74E7F72}.Release|Any CPU.Build.0 = Release|Any CPU
		{06C1830A-41FA-4F17-9854-C1BDE0A8FCEC}.Debug|Any CPU.ActiveCfg = Debug|Any CPU
		{06C1830A-41FA-4F17-9854-C1BDE0A8FCEC}.Debug|Any CPU.Build.0 = Debug|Any CPU
		{06C1830A-41FA-4F17-9854-C1BDE0A8FCEC}.Release|Any CPU.ActiveCfg = Release|Any CPU
		{06C1830A-41FA-4F17-9854-C1BDE0A8FCEC}.Release|Any CPU.Build.0 = Release|Any CPU
		{2DB4B10C-F6F5-4EC3-87A1-43DD5CDFFCDA}.Debug|Any CPU.ActiveCfg = Debug|Any CPU
		{2DB4B10C-F6F5-4EC3-87A1-43DD5CDFFCDA}.Debug|Any CPU.Build.0 = Debug|Any CPU
		{2DB4B10C-F6F5-4EC3-87A1-43DD5CDFFCDA}.Release|Any CPU.ActiveCfg = Release|Any CPU
		{2DB4B10C-F6F5-4EC3-87A1-43DD5CDFFCDA}.Release|Any CPU.Build.0 = Release|Any CPU
		{94A1DE54-F062-4C36-B740-4465B618D133}.Debug|Any CPU.ActiveCfg = Debug|Any CPU
		{94A1DE54-F062-4C36-B740-4465B618D133}.Debug|Any CPU.Build.0 = Debug|Any CPU
		{94A1DE54-F062-4C36-B740-4465B618D133}.Release|Any CPU.ActiveCfg = Release|Any CPU
		{94A1DE54-F062-4C36-B740-4465B618D133}.Release|Any CPU.Build.0 = Release|Any CPU
		{6D37D362-73AF-49C1-B685-41EBF52A449B}.Debug|Any CPU.ActiveCfg = Debug|Any CPU
		{6D37D362-73AF-49C1-B685-41EBF52A449B}.Debug|Any CPU.Build.0 = Debug|Any CPU
		{6D37D362-73AF-49C1-B685-41EBF52A449B}.Release|Any CPU.ActiveCfg = Release|Any CPU
		{6D37D362-73AF-49C1-B685-41EBF52A449B}.Release|Any CPU.Build.0 = Release|Any CPU
		{C58AEC1B-30B7-4F5F-94CB-C58458FC063F}.Debug|Any CPU.ActiveCfg = Debug|Any CPU
		{C58AEC1B-30B7-4F5F-94CB-C58458FC063F}.Debug|Any CPU.Build.0 = Debug|Any CPU
		{C58AEC1B-30B7-4F5F-94CB-C58458FC063F}.Release|Any CPU.ActiveCfg = Release|Any CPU
		{C58AEC1B-30B7-4F5F-94CB-C58458FC063F}.Release|Any CPU.Build.0 = Release|Any CPU
		{B865F804-001A-4582-BDED-F23FC683BAEC}.Debug|Any CPU.ActiveCfg = Debug|Any CPU
		{B865F804-001A-4582-BDED-F23FC683BAEC}.Debug|Any CPU.Build.0 = Debug|Any CPU
		{B865F804-001A-4582-BDED-F23FC683BAEC}.Release|Any CPU.ActiveCfg = Release|Any CPU
		{B865F804-001A-4582-BDED-F23FC683BAEC}.Release|Any CPU.Build.0 = Release|Any CPU

	EndGlobalSection
	GlobalSection(NestedProjects) = preSolution
		{9C8FE602-0D29-4D66-9E07-BAC2CEFB951C} = {0F4DFBF8-7888-4674-8EAD-18BC589836FF}
		{5C34F272-7F88-4196-AC30-669EE74E7F72} = {0F4DFBF8-7888-4674-8EAD-18BC589836FF}
		{06C1830A-41FA-4F17-9854-C1BDE0A8FCEC} = {0F4DFBF8-7888-4674-8EAD-18BC589836FF}
		{2DB4B10C-F6F5-4EC3-87A1-43DD5CDFFCDA} = {0F4DFBF8-7888-4674-8EAD-18BC589836FF}
		{94A1DE54-F062-4C36-B740-4465B618D133} = {0F4DFBF8-7888-4674-8EAD-18BC589836FF}
		{6D37D362-73AF-49C1-B685-41EBF52A449B} = {0F4DFBF8-7888-4674-8EAD-18BC589836FF}
		{C58AEC1B-30B7-4F5F-94CB-C58458FC063F} = {0F4DFBF8-7888-4674-8EAD-18BC589836FF}
		{B865F804-001A-4582-BDED-F23FC683BAEC} = {0F4DFBF8-7888-4674-8EAD-18BC589836FF}

	EndGlobalSection
EndGlobal
